
Microsoft Visual Studio Solution File, Format Version 12.00
# Visual Studio Version 17
VisualStudioVersion = 17.14.36212.18 d17.14
MinimumVisualStudioVersion = 10.0.40219.1
Project("{FAE04EC0-301F-11D3-BF4B-00C04F79EFBC}") = "UrlShortener", "UrlShortener\UrlShortener.csproj", "{07BAB63D-C51B-4A05-89DA-68EE89AEADEB}"
EndProject
Global
	GlobalSection(SolutionConfigurationPlatforms) = preSolution
		Debug|Any CPU = Debug|Any CPU
		Release|Any CPU = Release|Any CPU
	EndGlobalSection
	GlobalSection(ProjectConfigurationPlatforms) = postSolution
		{07BAB63D-C51B-4A05-89DA-68EE89AEADEB}.Debug|Any CPU.ActiveCfg = Debug|Any CPU
		{07BAB63D-C51B-4A05-89DA-68EE89AEADEB}.Debug|Any CPU.Build.0 = Debug|Any CPU
		{07BAB63D-C51B-4A05-89DA-68EE89AEADEB}.Release|Any CPU.ActiveCfg = Release|Any CPU
		{07BAB63D-C51B-4A05-89DA-68EE89AEADEB}.Release|Any CPU.Build.0 = Release|Any CPU
	EndGlobalSection
	GlobalSection(SolutionProperties) = preSolution
		HideSolutionNode = FALSE
	EndGlobalSection
	GlobalSection(ExtensibilityGlobals) = postSolution
		SolutionGuid = {9B35903F-48C9-4474-8542-FE1060F215FA}
	EndGlobalSection
EndGlobal
